# THIS IS AN AUTOGENERATED FILE. DO NOT EDIT THIS FILE DIRECTLY.
# yarn lockfile v1


"@types/better-scroll@^1.5.0":
  version "1.5.0"
  resolved "https://registry.yarnpkg.com/@types/better-scroll/-/better-scroll-1.5.0.tgz#f2bc57e91a0a54a6da0d213d6cce154e1a3c6a7c"
  dependencies:
    better-scroll "*"

babel-runtime@^6.0.0:
  version "6.26.0"
  resolved "https://registry.yarnpkg.com/babel-runtime/-/babel-runtime-6.26.0.tgz#965c7058668e82b55d7bfe04ff2337bc8b5647fe"
  dependencies:
    core-js "^2.4.0"
    regenerator-runtime "^0.11.0"

better-scroll@*:
  version "1.12.0"
  resolved "https://registry.yarnpkg.com/better-scroll/-/better-scroll-1.12.0.tgz#f15e1e316eb609690de6c733538b2b092aa3b118"
  dependencies:
    babel-runtime "^6.0.0"

core-js@^2.4.0:
  version "2.5.7"
  resolved "https://registry.yarnpkg.com/core-js/-/core-js-2.5.7.tgz#f972608ff0cead68b841a16a932d0b183791814e"

regenerator-runtime@^0.11.0:
  version "0.11.1"
  resolved "https://registry.yarnpkg.com/regenerator-runtime/-/regenerator-runtime-0.11.1.tgz#be05ad7f9bf7d22e056f9726cee5017fbf19e2e9"
